PODS:
  - SectionedCollectionView (1.1.0)

DEPENDENCIES:
  - SectionedCollectionView (from `../`)

EXTERNAL SOURCES:
  SectionedCollectionView:
    :path: "../"

SPEC CHECKSUMS:
  SectionedCollectionView: 5113ebb2cc8e4d3064587be41c8fb8b86e3904f3

PODFILE CHECKSUM: 3716a10da3cfe0a241b05e43580ac29e4cac9913

COCOAPODS: 1.5.3
