PODS:
  - SectionedCollectionView (0.1.0)

DEPENDENCIES:
  - SectionedCollectionView (from `../`)

EXTERNAL SOURCES:
  SectionedCollectionView:
    :path: "../"

SPEC CHECKSUMS:
  SectionedCollectionView: 9863d07c05211f1fb0f9639533be96ca9a57d53b

PODFILE CHECKSUM: 3716a10da3cfe0a241b05e43580ac29e4cac9913

COCOAPODS: 1.5.0
