PODS:
  - SectionedCollectionView (1.0.1)

DEPENDENCIES:
  - SectionedCollectionView (from `../`)

EXTERNAL SOURCES:
  SectionedCollectionView:
    :path: ../

SPEC CHECKSUMS:
  SectionedCollectionView: f6c6cf6f1f2578a8464918dcc4f0727168b88d73

PODFILE CHECKSUM: 3716a10da3cfe0a241b05e43580ac29e4cac9913

COCOAPODS: 1.4.0
